{
  "name": "YourChapterTube",
  "lockfileVersion": 3,
  "requires": true,
  "packages": {
    "": {
      "devDependencies": {
        "@types/youtube": "^0.1.1"
      }
    },
    "node_modules/@types/youtube": {
      "version": "0.1.1",
      "resolved": "https://registry.npmjs.org/@types/youtube/-/youtube-0.1.1.tgz",
      "integrity": "sha512-xJSX8yOXLTSCH4ye62/TWEA8y3erYtSEvdd3h56u3Gk/8dpH8Guicv3XLLOg6wjZdsYeYgaZ/u7e9dqt+FL0+A==",
      "dev": true,
      "license": "MIT"
    }
  }
}
